
Microsoft Visual Studio Solution File, Format Version 12.00
# Visual Studio Version 17
VisualStudioVersion = 17.4.33213.308
MinimumVisualStudioVersion = 10.0.40219.1
Project("{FAE04EC0-301F-11D3-BF4B-00C04F79EFBC}") = "WebSeriveAssignment3", "WebSeriveAssignment3\WebSeriveAssignment3.csproj", "{1840C6F8-0F18-47FA-A814-9E6D0C700BB1}"
EndProject
Project("{FAE04EC0-301F-11D3-BF4B-00C04F79EFBC}") = "Clientu1", "Clientu1\Clientu1.csproj", "{C7F26D4E-DE6E-4B64-9903-97D37BDC2FAC}"
EndProject
Global
	GlobalSection(SolutionConfigurationPlatforms) = preSolution
		Debug|Any CPU = Debug|Any CPU
		Release|Any CPU = Release|Any CPU
	EndGlobalSection
	GlobalSection(ProjectConfigurationPlatforms) = postSolution
		{1840C6F8-0F18-47FA-A814-9E6D0C700BB1}.Debug|Any CPU.ActiveCfg = Debug|Any CPU
		{1840C6F8-0F18-47FA-A814-9E6D0C700BB1}.Debug|Any CPU.Build.0 = Debug|Any CPU
		{1840C6F8-0F18-47FA-A814-9E6D0C700BB1}.Release|Any CPU.ActiveCfg = Release|Any CPU
		{1840C6F8-0F18-47FA-A814-9E6D0C700BB1}.Release|Any CPU.Build.0 = Release|Any CPU
		{C7F26D4E-DE6E-4B64-9903-97D37BDC2FAC}.Debug|Any CPU.ActiveCfg = Debug|Any CPU
		{C7F26D4E-DE6E-4B64-9903-97D37BDC2FAC}.Debug|Any CPU.Build.0 = Debug|Any CPU
		{C7F26D4E-DE6E-4B64-9903-97D37BDC2FAC}.Release|Any CPU.ActiveCfg = Release|Any CPU
		{C7F26D4E-DE6E-4B64-9903-97D37BDC2FAC}.Release|Any CPU.Build.0 = Release|Any CPU
	EndGlobalSection
	GlobalSection(SolutionProperties) = preSolution
		HideSolutionNode = FALSE
	EndGlobalSection
	GlobalSection(ExtensibilityGlobals) = postSolution
		SolutionGuid = {E8AA9D04-AB47-4344-BAFB-DF731ADB0ABC}
	EndGlobalSection
EndGlobal
